
Microsoft Visual Studio Solution File, Format Version 11.00
# Visual Studio 2010
Project("{8BC9CEB8-8B4A-11D0-8D11-00A0C91BC942}") = "First_AidKid", "First_AidKid\First_AidKid.vcxproj", "{E2B3FA6E-3062-48C9-B0ED-4C2D0844A5E0}"
EndProject
Global
	GlobalSection(SolutionConfigurationPlatforms) = preSolution
		Debug|Win32 = Debug|Win32
		Release|Win32 = Release|Win32
	EndGlobalSection
	GlobalSection(ProjectConfigurationPlatforms) = postSolution
		{E2B3FA6E-3062-48C9-B0ED-4C2D0844A5E0}.Debug|Win32.ActiveCfg = Debug|Win32
		{E2B3FA6E-3062-48C9-B0ED-4C2D0844A5E0}.Debug|Win32.Build.0 = Debug|Win32
		{E2B3FA6E-3062-48C9-B0ED-4C2D0844A5E0}.Release|Win32.ActiveCfg = Release|Win32
		{E2B3FA6E-3062-48C9-B0ED-4C2D0844A5E0}.Release|Win32.Build.0 = Release|Win32
	EndGlobalSection
	GlobalSection(SolutionProperties) = preSolution
		HideSolutionNode = FALSE
	EndGlobalSection
EndGlobal
